<?xml version="1.0" encoding="utf-8"?>
<Project ToolsVersion="4.0" xmlns="http://schemas.microsoft.com/developer/msbuild/2003">
  <ItemGroup>
    <Filter Include="dataset">
      <UniqueIdentifier>{f1e4c542-948d-4690-8571-1b56e381c3d8}</UniqueIdentifier>
    </Filter>
    <Filter Include="dataset\node">
      <UniqueIdentifier>{c6fbc096-1934-45d1-a5b4-d53cb6789c16}</UniqueIdentifier>
    </Filter>
    <Filter Include="dataset\pin">
      <UniqueIdentifier>{e8bcbaea-0e9d-4b28-ba47-2a418421120b}</UniqueIdentifier>
    </Filter>
    <Filter Include="tools">
      <UniqueIdentifier>{366e276f-c6c7-42b1-8315-556b31c1df2e}</UniqueIdentifier>
    </Filter>
    <Filter Include="tools\trans">
      <UniqueIdentifier>{9161c248-e2e6-48a3-afb6-67b733d51705}</UniqueIdentifier>
    </Filter>
    <Filter Include="view">
      <UniqueIdentifier>{1092928a-6a3a-476c-81e0-156643ac287d}</UniqueIdentifier>
    </Filter>
    <Filter Include="tools\rtti">
      <UniqueIdentifier>{38ed9195-efcd-45d1-bfd8-067dd7867389}</UniqueIdentifier>
    </Filter>
    <Filter Include="tools\eval">
      <UniqueIdentifier>{83f944e8-8632-4979-a49a-6e8309125bd3}</UniqueIdentifier>
    </Filter>
    <Filter Include="view\toolbar">
      <UniqueIdentifier>{6e7dc0ea-4d5e-4b85-a725-0e3a4eb30e73}</UniqueIdentifier>
    </Filter>
    <Filter Include="view\stage">
      <UniqueIdentifier>{7f05f1d0-8c59-44e6-90f1-c8ab12f71f6c}</UniqueIdentifier>
    </Filter>
    <Filter Include="view\blueprint">
      <UniqueIdentifier>{37717c11-dc74-4af9-bb4e-18b0f9892744}</UniqueIdentifier>
    </Filter>
  </ItemGroup>
  <ItemGroup>
    <ClInclude Include="..\..\..\include\intention\PinCallback.h">
      <Filter>dataset\pin</Filter>
    </ClInclude>
    <ClInclude Include="..\..\..\include\intention\PinType.h">
      <Filter>dataset\pin</Filter>
    </ClInclude>
    <ClInclude Include="..\..\..\include\intention\Node.h">
      <Filter>dataset\node</Filter>
    </ClInclude>
    <ClInclude Include="..\..\..\include\intention\ReflectPropTypes.h">
      <Filter>tools\rtti</Filter>
    </ClInclude>
    <ClInclude Include="..\..\..\include\intention\RegistNodes.h">
      <Filter>tools\rtti</Filter>
    </ClInclude>
    <ClInclude Include="..\..\..\include\intention\Intention.h" />
    <ClInclude Include="..\..\..\include\intention\Evaluator.h">
      <Filter>tools\eval</Filter>
    </ClInclude>
    <ClInclude Include="..\..\..\include\intention\MessageID.h">
      <Filter>tools</Filter>
    </ClInclude>
    <ClInclude Include="..\..\..\include\intention\WxStageCanvas.h">
      <Filter>view\stage</Filter>
    </ClInclude>
    <ClInclude Include="..\..\..\include\intention\RenderSystem.h">
      <Filter>view\stage</Filter>
    </ClInclude>
    <ClInclude Include="..\..\..\include\intention\WxNodeProperty.h">
      <Filter>view\toolbar</Filter>
    </ClInclude>
    <ClInclude Include="..\..\..\include\intention\WxNodePropsDlg.h">
      <Filter>view\toolbar</Filter>
    </ClInclude>
    <ClInclude Include="..\..\..\include\intention\NodeProp.h">
      <Filter>dataset\node</Filter>
    </ClInclude>
    <ClInclude Include="..\..\..\include\intention\SceneTree.h">
      <Filter>view\blueprint</Filter>
    </ClInclude>
    <ClInclude Include="..\..\..\include\intention\RightPopupMenu.h">
      <Filter>view\blueprint</Filter>
    </ClInclude>
    <ClInclude Include="..\..\..\include\intention\NodeSelectOP.h">
      <Filter>view\blueprint</Filter>
    </ClInclude>
    <ClInclude Include="..\..\..\include\intention\Serializer.h">
      <Filter>view\blueprint</Filter>
    </ClInclude>
    <ClInclude Include="..\..\..\include\intention\WxToolbarPanel.h">
      <Filter>view\toolbar</Filter>
    </ClInclude>
    <ClInclude Include="..\..\..\include\intention\WxGeoProperty.h">
      <Filter>view\toolbar</Filter>
    </ClInclude>
    <ClInclude Include="..\..\..\include\intention\SOP.h">
      <Filter>tools\trans</Filter>
    </ClInclude>
  </ItemGroup>
  <ItemGroup>
    <ClCompile Include="..\..\..\source\PinCallback.cpp">
      <Filter>dataset\pin</Filter>
    </ClCompile>
    <ClCompile Include="..\..\..\source\Node.cpp">
      <Filter>dataset\node</Filter>
    </ClCompile>
    <ClCompile Include="..\..\..\source\ReflectPropTypes.cpp">
      <Filter>tools\rtti</Filter>
    </ClCompile>
    <ClCompile Include="..\..\..\source\RegistRTTR.cpp">
      <Filter>tools\rtti</Filter>
    </ClCompile>
    <ClCompile Include="..\..\..\source\RegistNodes.cpp">
      <Filter>tools\rtti</Filter>
    </ClCompile>
    <ClCompile Include="..\..\..\source\Intention.cpp" />
    <ClCompile Include="..\..\..\source\Evaluator.cpp">
      <Filter>tools\eval</Filter>
    </ClCompile>
    <ClCompile Include="..\..\..\source\WxStageCanvas.cpp">
      <Filter>view\stage</Filter>
    </ClCompile>
    <ClCompile Include="..\..\..\source\RenderSystem.cpp">
      <Filter>view\stage</Filter>
    </ClCompile>
    <ClCompile Include="..\..\..\source\WxNodeProperty.cpp">
      <Filter>view\toolbar</Filter>
    </ClCompile>
    <ClCompile Include="..\..\..\source\WxNodePropsDlg.cpp">
      <Filter>view\toolbar</Filter>
    </ClCompile>
    <ClCompile Include="..\..\..\source\SceneTree.cpp">
      <Filter>view\blueprint</Filter>
    </ClCompile>
    <ClCompile Include="..\..\..\source\RightPopupMenu.cpp">
      <Filter>view\blueprint</Filter>
    </ClCompile>
    <ClCompile Include="..\..\..\source\NodeSelectOP.cpp">
      <Filter>view\blueprint</Filter>
    </ClCompile>
    <ClCompile Include="..\..\..\source\Serializer.cpp">
      <Filter>view\blueprint</Filter>
    </ClCompile>
    <ClCompile Include="..\..\..\source\WxToolbarPanel.cpp">
      <Filter>view\toolbar</Filter>
    </ClCompile>
    <ClCompile Include="..\..\..\source\WxGeoProperty.cpp">
      <Filter>view\toolbar</Filter>
    </ClCompile>
    <ClCompile Include="..\..\..\source\SOP.cpp">
      <Filter>tools\trans</Filter>
    </ClCompile>
  </ItemGroup>
</Project>