<?xml version="1.0" encoding="utf-8"?>
<Project ToolsVersion="4.0" xmlns="http://schemas.microsoft.com/developer/msbuild/2003">
  <ItemGroup>
    <Filter Include="dataset">
      <UniqueIdentifier>{f1e4c542-948d-4690-8571-1b56e381c3d8}</UniqueIdentifier>
    </Filter>
    <Filter Include="dataset\node">
      <UniqueIdentifier>{c6fbc096-1934-45d1-a5b4-d53cb6789c16}</UniqueIdentifier>
    </Filter>
    <Filter Include="dataset\pin">
      <UniqueIdentifier>{e8bcbaea-0e9d-4b28-ba47-2a418421120b}</UniqueIdentifier>
    </Filter>
    <Filter Include="tools">
      <UniqueIdentifier>{366e276f-c6c7-42b1-8315-556b31c1df2e}</UniqueIdentifier>
    </Filter>
    <Filter Include="tools\trans">
      <UniqueIdentifier>{9161c248-e2e6-48a3-afb6-67b733d51705}</UniqueIdentifier>
    </Filter>
    <Filter Include="view">
      <UniqueIdentifier>{1092928a-6a3a-476c-81e0-156643ac287d}</UniqueIdentifier>
    </Filter>
    <Filter Include="tools\rtti">
      <UniqueIdentifier>{38ed9195-efcd-45d1-bfd8-067dd7867389}</UniqueIdentifier>
    </Filter>
    <Filter Include="tools\eval">
      <UniqueIdentifier>{83f944e8-8632-4979-a49a-6e8309125bd3}</UniqueIdentifier>
    </Filter>
    <Filter Include="view\toolbar">
      <UniqueIdentifier>{6e7dc0ea-4d5e-4b85-a725-0e3a4eb30e73}</UniqueIdentifier>
    </Filter>
    <Filter Include="view\toolbar\geo">
      <UniqueIdentifier>{e8fbf975-be0a-4cdf-ade7-7f8628b481c3}</UniqueIdentifier>
    </Filter>
    <Filter Include="view\toolbar\node">
      <UniqueIdentifier>{e6aa90d8-1d6a-4296-93b6-7d4358230211}</UniqueIdentifier>
    </Filter>
    <Filter Include="tools\serialize">
      <UniqueIdentifier>{e6b86047-da07-4a98-aa7a-86680ad8d4c7}</UniqueIdentifier>
    </Filter>
    <Filter Include="view\preview">
      <UniqueIdentifier>{7f05f1d0-8c59-44e6-90f1-c8ab12f71f6c}</UniqueIdentifier>
    </Filter>
    <Filter Include="view\editor">
      <UniqueIdentifier>{37717c11-dc74-4af9-bb4e-18b0f9892744}</UniqueIdentifier>
    </Filter>
  </ItemGroup>
  <ItemGroup>
    <ClInclude Include="..\..\..\include\sopview\SOPView.h" />
    <ClInclude Include="..\..\..\include\sopview\WxToolbarPanel.h">
      <Filter>view\toolbar</Filter>
    </ClInclude>
    <ClInclude Include="..\..\..\include\sopview\WxStageCanvas.h">
      <Filter>view\preview</Filter>
    </ClInclude>
    <ClInclude Include="..\..\..\include\sopview\RenderSystem.h">
      <Filter>view\preview</Filter>
    </ClInclude>
    <ClInclude Include="..\..\..\include\sopview\NodeSelectOP.h">
      <Filter>view\editor</Filter>
    </ClInclude>
    <ClInclude Include="..\..\..\include\sopview\RightPopupMenu.h">
      <Filter>view\editor</Filter>
    </ClInclude>
    <ClInclude Include="..\..\..\include\sopview\SceneTree.h">
      <Filter>view\editor</Filter>
    </ClInclude>
    <ClInclude Include="..\..\..\include\sopview\Evaluator.h">
      <Filter>tools\eval</Filter>
    </ClInclude>
    <ClInclude Include="..\..\..\include\sopview\PinType.h">
      <Filter>dataset\pin</Filter>
    </ClInclude>
    <ClInclude Include="..\..\..\include\sopview\PinCallback.h">
      <Filter>dataset\pin</Filter>
    </ClInclude>
    <ClInclude Include="..\..\..\include\sopview\Node.h">
      <Filter>dataset\node</Filter>
    </ClInclude>
    <ClInclude Include="..\..\..\include\sopview\ReflectPropTypes.h">
      <Filter>tools\rtti</Filter>
    </ClInclude>
    <ClInclude Include="..\..\..\include\sopview\RegistNodes.h">
      <Filter>tools\rtti</Filter>
    </ClInclude>
    <ClInclude Include="..\..\..\include\sopview\MessageID.h">
      <Filter>dataset</Filter>
    </ClInclude>
    <ClInclude Include="..\..\..\include\sopview\WxGeoProperty.h">
      <Filter>view\toolbar\geo</Filter>
    </ClInclude>
    <ClInclude Include="..\..\..\include\sopview\WxNodeProperty.h">
      <Filter>view\toolbar\node</Filter>
    </ClInclude>
    <ClInclude Include="..\..\..\include\sopview\WxGeoPropList.h">
      <Filter>view\toolbar\geo</Filter>
    </ClInclude>
    <ClInclude Include="..\..\..\include\sopview\PyLoader.h">
      <Filter>tools\serialize</Filter>
    </ClInclude>
    <ClInclude Include="..\..\..\include\sopview\PyNodeProxy.h">
      <Filter>tools\serialize</Filter>
    </ClInclude>
    <ClInclude Include="..\..\..\include\sopview\PyParmValue.h">
      <Filter>tools\serialize</Filter>
    </ClInclude>
    <ClInclude Include="..\..\..\include\sopview\PyLoaderCtx.h">
      <Filter>tools\serialize</Filter>
    </ClInclude>
    <ClInclude Include="..\..\..\include\sopview\SOPAdapter.h">
      <Filter>tools\trans</Filter>
    </ClInclude>
    <ClInclude Include="..\..\..\include\sopview\NodeParm.h">
      <Filter>dataset\node</Filter>
    </ClInclude>
    <ClInclude Include="..\..\..\include\sopview\WxNodeParmsDlg.h">
      <Filter>view\toolbar\node</Filter>
    </ClInclude>
    <ClInclude Include="..\..\..\include\sopview\WxGraphPage.h">
      <Filter>view\editor</Filter>
    </ClInclude>
    <ClInclude Include="..\..\..\include\sopview\Compound.h">
      <Filter>dataset\node</Filter>
    </ClInclude>
    <ClInclude Include="..\..\..\include\sopview\EditOpMode.h">
      <Filter>view</Filter>
    </ClInclude>
    <ClInclude Include="..\..\..\include\sopview\HeightfieldRenderer.h">
      <Filter>view\preview</Filter>
    </ClInclude>
  </ItemGroup>
  <ItemGroup>
    <ClCompile Include="..\..\..\source\PinCallback.cpp">
      <Filter>dataset\pin</Filter>
    </ClCompile>
    <ClCompile Include="..\..\..\source\Node.cpp">
      <Filter>dataset\node</Filter>
    </ClCompile>
    <ClCompile Include="..\..\..\source\ReflectPropTypes.cpp">
      <Filter>tools\rtti</Filter>
    </ClCompile>
    <ClCompile Include="..\..\..\source\RegistRTTR.cpp">
      <Filter>tools\rtti</Filter>
    </ClCompile>
    <ClCompile Include="..\..\..\source\RegistNodes.cpp">
      <Filter>tools\rtti</Filter>
    </ClCompile>
    <ClCompile Include="..\..\..\source\Evaluator.cpp">
      <Filter>tools\eval</Filter>
    </ClCompile>
    <ClCompile Include="..\..\..\source\WxStageCanvas.cpp">
      <Filter>view\preview</Filter>
    </ClCompile>
    <ClCompile Include="..\..\..\source\RenderSystem.cpp">
      <Filter>view\preview</Filter>
    </ClCompile>
    <ClCompile Include="..\..\..\source\SceneTree.cpp">
      <Filter>view\editor</Filter>
    </ClCompile>
    <ClCompile Include="..\..\..\source\RightPopupMenu.cpp">
      <Filter>view\editor</Filter>
    </ClCompile>
    <ClCompile Include="..\..\..\source\NodeSelectOP.cpp">
      <Filter>view\editor</Filter>
    </ClCompile>
    <ClCompile Include="..\..\..\source\WxToolbarPanel.cpp">
      <Filter>view\toolbar</Filter>
    </ClCompile>
    <ClCompile Include="..\..\..\source\SOPView.cpp" />
    <ClCompile Include="..\..\..\source\WxGeoProperty.cpp">
      <Filter>view\toolbar\geo</Filter>
    </ClCompile>
    <ClCompile Include="..\..\..\source\WxNodeProperty.cpp">
      <Filter>view\toolbar\node</Filter>
    </ClCompile>
    <ClCompile Include="..\..\..\source\WxGeoPropList.cpp">
      <Filter>view\toolbar\geo</Filter>
    </ClCompile>
    <ClCompile Include="..\..\..\source\PyLoader.cpp">
      <Filter>tools\serialize</Filter>
    </ClCompile>
    <ClCompile Include="..\..\..\source\PyNodeProxy.cpp">
      <Filter>tools\serialize</Filter>
    </ClCompile>
    <ClCompile Include="..\..\..\source\PyParmValue.cpp">
      <Filter>tools\serialize</Filter>
    </ClCompile>
    <ClCompile Include="..\..\..\source\SOPAdapter.cpp">
      <Filter>tools\trans</Filter>
    </ClCompile>
    <ClCompile Include="..\..\..\source\WxNodeParmsDlg.cpp">
      <Filter>view\toolbar\node</Filter>
    </ClCompile>
    <ClCompile Include="..\..\..\source\WxGraphPage.cpp">
      <Filter>view\editor</Filter>
    </ClCompile>
    <ClCompile Include="..\..\..\source\Compound.cpp">
      <Filter>dataset\node</Filter>
    </ClCompile>
    <ClCompile Include="..\..\..\source\HeightfieldRenderer.cpp">
      <Filter>view\preview</Filter>
    </ClCompile>
  </ItemGroup>
</Project>